Microsoft Visual Studio Solution File, Format Version 12.00
# Visual Studio Version 17
VisualStudioVersion = 17.5.2.0
MinimumVisualStudioVersion = 10.0.40219.1
Project("{FAE04EC0-301F-11D3-BF4B-00C04F79EFBC}") = "WeatherForecastApp", "WeatherForecastApp\WeatherForecastApp.csproj", "{63E469B2-7779-7B92-9E55-B535CB80EE12}"
EndProject
Global
	GlobalSection(SolutionConfigurationPlatforms) = preSolution
		Debug|Any CPU = Debug|Any CPU
		Release|Any CPU = Release|Any CPU
	EndGlobalSection
	GlobalSection(ProjectConfigurationPlatforms) = postSolution
		{63E469B2-7779-7B92-9E55-B535CB80EE12}.Debug|Any CPU.ActiveCfg = Debug|Any CPU
		{63E469B2-7779-7B92-9E55-B535CB80EE12}.Debug|Any CPU.Build.0 = Debug|Any CPU
		{63E469B2-7779-7B92-9E55-B535CB80EE12}.Release|Any CPU.ActiveCfg = Release|Any CPU
		{63E469B2-7779-7B92-9E55-B535CB80EE12}.Release|Any CPU.Build.0 = Release|Any CPU
	EndGlobalSection
	GlobalSection(SolutionProperties) = preSolution
		HideSolutionNode = FALSE
	EndGlobalSection
	GlobalSection(ExtensibilityGlobals) = postSolution
		SolutionGuid = {A30B522A-ED23-460A-8F12-9A82C01A664A}
	EndGlobalSection
EndGlobal
